
Microsoft Visual Studio Solution File, Format Version 12.00
# Visual Studio Version 16
VisualStudioVersion = 16.0.31205.134
MinimumVisualStudioVersion = 10.0.40219.1
Project("{FAE04EC0-301F-11D3-BF4B-00C04F79EFBC}") = "Visual Studio HTML Submission", "Visual Studio HTML Submission\Visual Studio HTML Submission.csproj", "{C37FE82A-921B-43A2-B682-4C4997DCF7EA}"
EndProject
Global
	GlobalSection(SolutionConfigurationPlatforms) = preSolution
		Debug|Any CPU = Debug|Any CPU
		Release|Any CPU = Release|Any CPU
	EndGlobalSection
	GlobalSection(ProjectConfigurationPlatforms) = postSolution
		{C37FE82A-921B-43A2-B682-4C4997DCF7EA}.Debug|Any CPU.ActiveCfg = Debug|Any CPU
		{C37FE82A-921B-43A2-B682-4C4997DCF7EA}.Debug|Any CPU.Build.0 = Debug|Any CPU
		{C37FE82A-921B-43A2-B682-4C4997DCF7EA}.Release|Any CPU.ActiveCfg = Release|Any CPU
		{C37FE82A-921B-43A2-B682-4C4997DCF7EA}.Release|Any CPU.Build.0 = Release|Any CPU
	EndGlobalSection
	GlobalSection(SolutionProperties) = preSolution
		HideSolutionNode = FALSE
	EndGlobalSection
	GlobalSection(ExtensibilityGlobals) = postSolution
		SolutionGuid = {F5522332-F7A9-49CE-ABC0-3B4743F5F9A2}
	EndGlobalSection
EndGlobal
